// !$*UTF8*$!
{
	archiveVersion = 1;
	classes = {
	};
	objectVersion = 46;
	objects = {

/* Begin PBXBuildFile section */
		03619FCB1CD0B283009E1CAD /* main.m in Sources */ = {isa = PBXBuildFile; fileRef = 03619FCA1CD0B283009E1CAD /* main.m */; };
		03619FCE1CD0B283009E1CAD /* AppDelegate.m in Sources */ = {isa = PBXBuildFile; fileRef = 03619FCD1CD0B283009E1CAD /* AppDelegate.m */; };
		03619FD11CD0B283009E1CAD /* ViewController.m in Sources */ = {isa = PBXBuildFile; fileRef = 03619FD01CD0B283009E1CAD /* ViewController.m */; };
		03619FD91CD0B283009E1CAD /* LaunchScreen.storyboard in Resources */ = {isa = PBXBuildFile; fileRef = 03619FD71CD0B283009E1CAD /* LaunchScreen.storyboard */; };
		03619FE21CD0B2D8009E1CAD /* cute_dog.jpeg in Resources */ = {isa = PBXBuildFile; fileRef = 03619FE11CD0B2D8009E1CAD /* cute_dog.jpeg */; };
		03619FE41CD0B2FD009E1CAD /* Main.storyboard in Resources */ = {isa = PBXBuildFile; fileRef = 03619FE31CD0B2FD009E1CAD /* Main.storyboard */; };
/* End PBXBuildFile section */

/* Begin PBXFileReference section */
		03619FC61CD0B283009E1CAD /* AnimationEffectDemo.app */ = {isa = PBXFileReference; explicitFileType = wrapper.application; includeInIndex = 0; path = AnimationEffectDemo.app; sourceTree = BUILT_PRODUCTS_DIR; };
		03619FCA1CD0B283009E1CAD /* main.m */ = {isa = PBXFileReference; lastKnownFileType = sourcecode.c.objc; path = main.m; sourceTree = "<group>"; };
		03619FCC1CD0B283009E1CAD /* AppDelegate.h */ = {isa = PBXFileReference; lastKnownFileType = sourcecode.c.h; path = AppDelegate.h; sourceTree = "<group>"; };
		03619FCD1CD0B283009E1CAD /* AppDelegate.m */ = {isa = PBXFileReference; lastKnownFileType = sourcecode.c.objc; path = AppDelegate.m; sourceTree = "<group>"; };
		03619FCF1CD0B283009E1CAD /* ViewController.h */ = {isa = PBXFileReference; lastKnownFileType = sourcecode.c.h; path = ViewController.h; sourceTree = "<group>"; };
		03619FD01CD0B283009E1CAD /* ViewController.m */ = {isa = PBXFileReference; lastKnownFileType = sourcecode.c.objc; path = ViewController.m; sourceTree = "<group>"; };
		03619FD81CD0B283009E1CAD /* Base */ = {isa = PBXFileReference; lastKnownFileType = file.storyboard; name = Base; path = Base.lproj/LaunchScreen.storyboard; sourceTree = "<group>"; };
		03619FDA1CD0B283009E1CAD /* Info.plist */ = {isa = PBXFileReference; lastKnownFileType = text.plist.xml; path = Info.plist; sourceTree = "<group>"; };
		03619FE11CD0B2D8009E1CAD /* cute_dog.jpeg */ = {isa = PBXFileReference; lastKnownFileType = image.jpeg; path = cute_dog.jpeg; sourceTree = "<group>"; };
		03619FE31CD0B2FD009E1CAD /* Main.storyboard */ = {isa = PBXFileReference; fileEncoding = 4; lastKnownFileType = file.storyboard; path = Main.storyboard; sourceTree = "<group>"; };
/* End PBXFileReference section */

/* Begin PBXFrameworksBuildPhase section */
		03619FC31CD0B283009E1CAD /* Frameworks */ = {
			isa = PBXFrameworksBuildPhase;
			buildActionMask = 2147483647;
			files = (
			);
			runOnlyForDeploymentPostprocessing = 0;
		};
/* End PBXFrameworksBuildPhase section */

/* Begin PBXGroup section */
		03619FBD1CD0B282009E1CAD = {
			isa = PBXGroup;
			children = (
				03619FC81CD0B283009E1CAD /* AnimationEffectDemo */,
				03619FC71CD0B283009E1CAD /* Products */,
			);
			sourceTree = "<group>";
		};
		03619FC71CD0B283009E1CAD /* Products */ = {
			isa = PBXGroup;
			children = (
				03619FC61CD0B283009E1CAD /* AnimationEffectDemo.app */,
			);
			name = Products;
			sourceTree = "<group>";
		};
		03619FC81CD0B283009E1CAD /* AnimationEffectDemo */ = {
			isa = PBXGroup;
			children = (
				03619FE01CD0B296009E1CAD /* 淘宝商品详情图片导航栏透明效果 */,
				03619FCC1CD0B283009E1CAD /* AppDelegate.h */,
				03619FCD1CD0B283009E1CAD /* AppDelegate.m */,
				03619FE31CD0B2FD009E1CAD /* Main.storyboard */,
				03619FD71CD0B283009E1CAD /* LaunchScreen.storyboard */,
				03619FDA1CD0B283009E1CAD /* Info.plist */,
				03619FC91CD0B283009E1CAD /* Supporting Files */,
			);
			path = AnimationEffectDemo;
			sourceTree = "<group>";
		};
		03619FC91CD0B283009E1CAD /* Supporting Files */ = {
			isa = PBXGroup;
			children = (
				03619FCA1CD0B283009E1CAD /* main.m */,
			);
			name = "Supporting Files";
			sourceTree = "<group>";
		};
		03619FE01CD0B296009E1CAD /* 淘宝商品详情图片导航栏透明效果 */ = {
			isa = PBXGroup;
			children = (
				03619FE11CD0B2D8009E1CAD /* cute_dog.jpeg */,
				03619FCF1CD0B283009E1CAD /* ViewController.h */,
				03619FD01CD0B283009E1CAD /* ViewController.m */,
			);
			name = "淘宝商品详情图片导航栏透明效果";
			sourceTree = "<group>";
		};
/* End PBXGroup section */

/* Begin PBXNativeTarget section */
		03619FC51CD0B283009E1CAD /* AnimationEffectDemo */ = {
			isa = PBXNativeTarget;
			buildConfigurationList = 03619FDD1CD0B283009E1CAD /* Build configuration list for PBXNativeTarget "AnimationEffectDemo" */;
			buildPhases = (
				03619FC21CD0B283009E1CAD /* Sources */,
				03619FC31CD0B283009E1CAD /* Frameworks */,
				03619FC41CD0B283009E1CAD /* Resources */,
			);
			buildRules = (
			);
			dependencies = (
			);
			name = AnimationEffectDemo;
			productName = AnimationEffectDemo;
			productReference = 03619FC61CD0B283009E1CAD /* AnimationEffectDemo.app */;
			productType = "com.apple.product-type.application";
		};
/* End PBXNativeTarget section */

/* Begin PBXProject section */
		03619FBE1CD0B283009E1CAD /* Project object */ = {
			isa = PBXProject;
			attributes = {
				LastUpgradeCheck = 0730;
				ORGANIZATIONNAME = S.R;
				TargetAttributes = {
					03619FC51CD0B283009E1CAD = {
						CreatedOnToolsVersion = 7.3;
					};
				};
			};
			buildConfigurationList = 03619FC11CD0B283009E1CAD /* Build configuration list for PBXProject "AnimationEffectDemo" */;
			compatibilityVersion = "Xcode 3.2";
			developmentRegion = English;
			hasScannedForEncodings = 0;
			knownRegions = (
				en,
				Base,
			);
			mainGroup = 03619FBD1CD0B282009E1CAD;
			productRefGroup = 03619FC71CD0B283009E1CAD /* Products */;
			projectDirPath = "";
			projectRoot = "";
			targets = (
				03619FC51CD0B283009E1CAD /* AnimationEffectDemo */,
			);
		};
/* End PBXProject section */

/* Begin PBXResourcesBuildPhase section */
		03619FC41CD0B283009E1CAD /* Resources */ = {
			isa = PBXResourcesBuildPhase;
			buildActionMask = 2147483647;
			files = (
				03619FD91CD0B283009E1CAD /* LaunchScreen.storyboard in Resources */,
				03619FE41CD0B2FD009E1CAD /* Main.storyboard in Resources */,
				03619FE21CD0B2D8009E1CAD /* cute_dog.jpeg in Resources */,
			);
			runOnlyForDeploymentPostprocessing = 0;
		};
/* End PBXResourcesBuildPhase section */

/* Begin PBXSourcesBuildPhase section */
		03619FC21CD0B283009E1CAD /* Sources */ = {
			isa = PBXSourcesBuildPhase;
			buildActionMask = 2147483647;
			files = (
				03619FD11CD0B283009E1CAD /* ViewController.m in Sources */,
				03619FCE1CD0B283009E1CAD /* AppDelegate.m in Sources */,
				03619FCB1CD0B283009E1CAD /* main.m in Sources */,
			);
			runOnlyForDeploymentPostprocessing = 0;
		};
/* End PBXSourcesBuildPhase section */

/* Begin PBXVariantGroup section */
		03619FD71CD0B283009E1CAD /* LaunchScreen.storyboard */ = {
			isa = PBXVariantGroup;
			children = (
				03619FD81CD0B283009E1CAD /* Base */,
			);
			name = LaunchScreen.storyboard;
			sourceTree = "<group>";
		};
/* End PBXVariantGroup section */

/* Begin XCBuildConfiguration section */
		03619FDB1CD0B283009E1CAD /* Debug */ = {
			isa = XCBuildConfiguration;
			buildSettings = {
				ALWAYS_SEARCH_USER_PATHS = NO;
				CLANG_ANALYZER_NONNULL = YES;
				CLANG_CXX_LANGUAGE_STANDARD = "gnu++0x";
				CLANG_CXX_LIBRARY = "libc++";
				CLANG_ENABLE_MODULES = YES;
				CLANG_ENABLE_OBJC_ARC = YES;
				CLANG_WARN_BOOL_CONVERSION = YES;
				CLANG_WARN_CONSTANT_CONVERSION = YES;
				CLANG_WARN_DIRECT_OBJC_ISA_USAGE = YES_ERROR;
				CLANG_WARN_EMPTY_BODY = YES;
				CLANG_WARN_ENUM_CONVERSION = YES;
				CLANG_WARN_INT_CONVERSION = YES;
				CLANG_WARN_OBJC_ROOT_CLASS = YES_ERROR;
				CLANG_WARN_UNREACHABLE_CODE = YES;
				CLANG_WARN__DUPLICATE_METHOD_MATCH = YES;
				"CODE_SIGN_IDENTITY[sdk=iphoneos*]" = "iPhone Developer";
				COPY_PHASE_STRIP = NO;
				DEBUG_INFORMATION_FORMAT = dwarf;
				ENABLE_STRICT_OBJC_MSGSEND = YES;
				ENABLE_TESTABILITY = YES;
				GCC_C_LANGUAGE_STANDARD = gnu99;
				GCC_DYNAMIC_NO_PIC = NO;
				GCC_NO_COMMON_BLOCKS = YES;
				GCC_OPTIMIZATION_LEVEL = 0;
				GCC_PREPROCESSOR_DEFINITIONS = (
					"DEBUG=1",
					"$(inherited)",
				);
				GCC_WARN_64_TO_32_BIT_CONVERSION = YES;
				GCC_WARN_ABOUT_RETURN_TYPE = YES_ERROR;
				GCC_WARN_UNDECLARED_SELECTOR = YES;
				GCC_WARN_UNINITIALIZED_AUTOS = YES_AGGRESSIVE;
				GCC_WARN_UNUSED_FUNCTION = YES;
				GCC_WARN_UNUSED_VARIABLE = YES;
				IPHONEOS_DEPLOYMENT_TARGET = 9.3;
				MTL_ENABLE_DEBUG_INFO = YES;
				ONLY_ACTIVE_ARCH = YES;
				SDKROOT = iphoneos;
				TARGETED_DEVICE_FAMILY = "1,2";
			};
			name = Debug;
		};
		03619FDC1CD0B283009E1CAD /* Release */ = {
			isa = XCBuildConfiguration;
			buildSettings = {
				ALWAYS_SEARCH_USER_PATHS = NO;
				CLANG_ANALYZER_NONNULL = YES;
				CLANG_CXX_LANGUAGE_STANDARD = "gnu++0x";
				CLANG_CXX_LIBRARY = "libc++";
				CLANG_ENABLE_MODULES = YES;
				CLANG_ENABLE_OBJC_ARC = YES;
				CLANG_WARN_BOOL_CONVERSION = YES;
				CLANG_WARN_CONSTANT_CONVERSION = YES;
				CLANG_WARN_DIRECT_OBJC_ISA_USAGE = YES_ERROR;
				CLANG_WARN_EMPTY_BODY = YES;
				CLANG_WARN_ENUM_CONVERSION = YES;
				CLANG_WARN_INT_CONVERSION = YES;
				CLANG_WARN_OBJC_ROOT_CLASS = YES_ERROR;
				CLANG_WARN_UNREACHABLE_CODE = YES;
				CLANG_WARN__DUPLICATE_METHOD_MATCH = YES;
				"CODE_SIGN_IDENTITY[sdk=iphoneos*]" = "iPhone Developer";
				COPY_PHASE_STRIP = NO;
				DEBUG_INFORMATION_FORMAT = "dwarf-with-dsym";
				ENABLE_NS_ASSERTIONS = NO;
				ENABLE_STRICT_OBJC_MSGSEND = YES;
				GCC_C_LANGUAGE_STANDARD = gnu99;
				GCC_NO_COMMON_BLOCKS = YES;
				GCC_WARN_64_TO_32_BIT_CONVERSION = YES;
				GCC_WARN_ABOUT_RETURN_TYPE = YES_ERROR;
				GCC_WARN_UNDECLARED_SELECTOR = YES;
				GCC_WARN_UNINITIALIZED_AUTOS = YES_AGGRESSIVE;
				GCC_WARN_UNUSED_FUNCTION = YES;
				GCC_WARN_UNUSED_VARIABLE = YES;
				IPHONEOS_DEPLOYMENT_TARGET = 9.3;
				MTL_ENABLE_DEBUG_INFO = NO;
				SDKROOT = iphoneos;
				TARGETED_DEVICE_FAMILY = "1,2";
				VALIDATE_PRODUCT = YES;
			};
			name = Release;
		};
		03619FDE1CD0B283009E1CAD /* Debug */ = {
			isa = XCBuildConfiguration;
			buildSettings = {
				ASSETCATALOG_COMPILER_APPICON_NAME = AppIcon;
				INFOPLIST_FILE = AnimationEffectDemo/Info.plist;
				LD_RUNPATH_SEARCH_PATHS = "$(inherited) @executable_path/Frameworks";
				PRODUCT_BUNDLE_IDENTIFIER = com.sr.AnimationEffectDemo;
				PRODUCT_NAME = "$(TARGET_NAME)";
			};
			name = Debug;
		};
		03619FDF1CD0B283009E1CAD /* Release */ = {
			isa = XCBuildConfiguration;
			buildSettings = {
				ASSETCATALOG_COMPILER_APPICON_NAME = AppIcon;
				INFOPLIST_FILE = AnimationEffectDemo/Info.plist;
				LD_RUNPATH_SEARCH_PATHS = "$(inherited) @executable_path/Frameworks";
				PRODUCT_BUNDLE_IDENTIFIER = com.sr.AnimationEffectDemo;
				PRODUCT_NAME = "$(TARGET_NAME)";
			};
			name = Release;
		};
/* End XCBuildConfiguration section */

/* Begin XCConfigurationList section */
		03619FC11CD0B283009E1CAD /* Build configuration list for PBXProject "AnimationEffectDemo" */ = {
			isa = XCConfigurationList;
			buildConfigurations = (
				03619FDB1CD0B283009E1CAD /* Debug */,
				03619FDC1CD0B283009E1CAD /* Release */,
			);
			defaultConfigurationIsVisible = 0;
			defaultConfigurationName = Release;
		};
		03619FDD1CD0B283009E1CAD /* Build configuration list for PBXNativeTarget "AnimationEffectDemo" */ = {
			isa = XCConfigurationList;
			buildConfigurations = (
				03619FDE1CD0B283009E1CAD /* Debug */,
				03619FDF1CD0B283009E1CAD /* Release */,
			);
			defaultConfigurationIsVisible = 0;
			defaultConfigurationName = Release;
		};
/* End XCConfigurationList section */
	};
	rootObject = 03619FBE1CD0B283009E1CAD /* Project object */;
}
